
Microsoft Visual Studio Solution File, Format Version 12.00
Project("{2150E333-8FDC-42A3-9474-1A3956D46DE8}") = "src", "src", "{32012170-BC1A-4E60-B0F3-7812823CDEB1}"
EndProject
Project("{FAE04EC0-301F-11D3-BF4B-00C04F79EFBC}") = "Organizer.Application", "src\Organizer.Application\Organizer.Application.csproj", "{95E9907D-C752-4E89-AEDC-AF3D6193886D}"
EndProject
Project("{FAE04EC0-301F-11D3-BF4B-00C04F79EFBC}") = "Organizer.Domain", "src\Organizer.Domain\Organizer.Domain.csproj", "{51A29FF2-293F-41BD-893F-2CE7F4FC0BD1}"
EndProject
Project("{FAE04EC0-301F-11D3-BF4B-00C04F79EFBC}") = "Organizer.Infrastructure.Persistence", "src\Organizer.Infrastructure.Persistence\Organizer.Infrastructure.Persistence.csproj", "{7DC4750F-E398-4DAC-A92C-C363E2E82FB6}"
EndProject
Project("{2150E333-8FDC-42A3-9474-1A3956D46DE8}") = "dbscripts", "dbscripts", "{AF3C157E-91B5-4EAC-BDC0-10C8DD8C611D}"
	ProjectSection(SolutionItems) = preProject
		dbscripts\find-duplicates.sql = dbscripts\find-duplicates.sql
	EndProjectSection
EndProject
Global
	GlobalSection(SolutionConfigurationPlatforms) = preSolution
		Debug|Any CPU = Debug|Any CPU
		Release|Any CPU = Release|Any CPU
	EndGlobalSection
	GlobalSection(NestedProjects) = preSolution
		{95E9907D-C752-4E89-AEDC-AF3D6193886D} = {32012170-BC1A-4E60-B0F3-7812823CDEB1}
		{51A29FF2-293F-41BD-893F-2CE7F4FC0BD1} = {32012170-BC1A-4E60-B0F3-7812823CDEB1}
		{7DC4750F-E398-4DAC-A92C-C363E2E82FB6} = {32012170-BC1A-4E60-B0F3-7812823CDEB1}
	EndGlobalSection
	GlobalSection(ProjectConfigurationPlatforms) = postSolution
		{95E9907D-C752-4E89-AEDC-AF3D6193886D}.Debug|Any CPU.ActiveCfg = Debug|Any CPU
		{95E9907D-C752-4E89-AEDC-AF3D6193886D}.Debug|Any CPU.Build.0 = Debug|Any CPU
		{95E9907D-C752-4E89-AEDC-AF3D6193886D}.Release|Any CPU.ActiveCfg = Release|Any CPU
		{95E9907D-C752-4E89-AEDC-AF3D6193886D}.Release|Any CPU.Build.0 = Release|Any CPU
		{51A29FF2-293F-41BD-893F-2CE7F4FC0BD1}.Debug|Any CPU.ActiveCfg = Debug|Any CPU
		{51A29FF2-293F-41BD-893F-2CE7F4FC0BD1}.Debug|Any CPU.Build.0 = Debug|Any CPU
		{51A29FF2-293F-41BD-893F-2CE7F4FC0BD1}.Release|Any CPU.ActiveCfg = Release|Any CPU
		{51A29FF2-293F-41BD-893F-2CE7F4FC0BD1}.Release|Any CPU.Build.0 = Release|Any CPU
		{7DC4750F-E398-4DAC-A92C-C363E2E82FB6}.Debug|Any CPU.ActiveCfg = Debug|Any CPU
		{7DC4750F-E398-4DAC-A92C-C363E2E82FB6}.Debug|Any CPU.Build.0 = Debug|Any CPU
		{7DC4750F-E398-4DAC-A92C-C363E2E82FB6}.Release|Any CPU.ActiveCfg = Release|Any CPU
		{7DC4750F-E398-4DAC-A92C-C363E2E82FB6}.Release|Any CPU.Build.0 = Release|Any CPU
	EndGlobalSection
EndGlobal
